
Microsoft Visual Studio Solution File, Format Version 12.00
# Visual Studio 14
VisualStudioVersion = 14.0.25420.1
MinimumVisualStudioVersion = 10.0.40219.1
Project("{FAE04EC0-301F-11D3-BF4B-00C04F79EFBC}") = "Web", "MyEShop\Web.csproj", "{F2E3D1DF-142A-4874-B78E-EC5A6A49478F}"
EndProject
Project("{FAE04EC0-301F-11D3-BF4B-00C04F79EFBC}") = "DataAccess", "DataAccess\DataAccess.csproj", "{6909C53D-E605-4DCA-872D-9D67F3FD78AD}"
EndProject
Project("{FAE04EC0-301F-11D3-BF4B-00C04F79EFBC}") = "Core", "Core\Core.csproj", "{B53CB5DB-DC89-4DAE-AB75-EB760452DB19}"
EndProject
Global
	GlobalSection(SolutionConfigurationPlatforms) = preSolution
		Debug|Any CPU = Debug|Any CPU
		Release|Any CPU = Release|Any CPU
	EndGlobalSection
	GlobalSection(ProjectConfigurationPlatforms) = postSolution
		{F2E3D1DF-142A-4874-B78E-EC5A6A49478F}.Debug|Any CPU.ActiveCfg = Debug|Any CPU
		{F2E3D1DF-142A-4874-B78E-EC5A6A49478F}.Debug|Any CPU.Build.0 = Debug|Any CPU
		{F2E3D1DF-142A-4874-B78E-EC5A6A49478F}.Release|Any CPU.ActiveCfg = Release|Any CPU
		{F2E3D1DF-142A-4874-B78E-EC5A6A49478F}.Release|Any CPU.Build.0 = Release|Any CPU
		{6909C53D-E605-4DCA-872D-9D67F3FD78AD}.Debug|Any CPU.ActiveCfg = Debug|Any CPU
		{6909C53D-E605-4DCA-872D-9D67F3FD78AD}.Debug|Any CPU.Build.0 = Debug|Any CPU
		{6909C53D-E605-4DCA-872D-9D67F3FD78AD}.Release|Any CPU.ActiveCfg = Release|Any CPU
		{6909C53D-E605-4DCA-872D-9D67F3FD78AD}.Release|Any CPU.Build.0 = Release|Any CPU
		{B53CB5DB-DC89-4DAE-AB75-EB760452DB19}.Debug|Any CPU.ActiveCfg = Debug|Any CPU
		{B53CB5DB-DC89-4DAE-AB75-EB760452DB19}.Debug|Any CPU.Build.0 = Debug|Any CPU
		{B53CB5DB-DC89-4DAE-AB75-EB760452DB19}.Release|Any CPU.ActiveCfg = Release|Any CPU
		{B53CB5DB-DC89-4DAE-AB75-EB760452DB19}.Release|Any CPU.Build.0 = Release|Any CPU
	EndGlobalSection
	GlobalSection(SolutionProperties) = preSolution
		HideSolutionNode = FALSE
	EndGlobalSection
EndGlobal
